
Microsoft Visual Studio Solution File, Format Version 12.00
# Visual Studio Version 17
VisualStudioVersion = 17.11.35312.102
MinimumVisualStudioVersion = 10.0.40219.1
Project("{2150E333-8FDC-42A3-9474-1A3956D46DE8}") = "Core", "Core", "{6C9D31CC-3E80-4740-8C95-B5720E7FD58F}"
EndProject
Project("{2150E333-8FDC-42A3-9474-1A3956D46DE8}") = "Infrastructure", "Infrastructure", "{2677D535-6F27-448F-86C7-7F1F249E8FB4}"
EndProject
Project("{2150E333-8FDC-42A3-9474-1A3956D46DE8}") = "Presentation", "Presentation", "{4FBE7A62-4615-41A3-A070-1D7CF8E1FCFB}"
EndProject
Project("{9A19103F-16F7-4668-BE54-9A1E7A4F7556}") = "TaskProjectManagement.Domain", "Core\TaskProjectManagement.Domain\TaskProjectManagement.Domain.csproj", "{6FE70B3C-C724-4047-9D48-F2FE56210DD0}"
EndProject
Project("{9A19103F-16F7-4668-BE54-9A1E7A4F7556}") = "TaskProjectManagement.Application", "Core\TaskProjectManagement.Application\TaskProjectManagement.Application.csproj", "{52148E38-A160-4D5D-B84E-E003055AE2A8}"
EndProject
Project("{9A19103F-16F7-4668-BE54-9A1E7A4F7556}") = "TaskProjectManagement.Persistence", "Infrastructure\TaskProjectManagement.Persistence\TaskProjectManagement.Persistence.csproj", "{A86D46DA-B14D-4694-B546-8BF609B5E9F7}"
EndProject
Project("{FAE04EC0-301F-11D3-BF4B-00C04F79EFBC}") = "TaskProjectManagement", "TaskProjectManagement\TaskProjectManagement.csproj", "{E717F8CE-B9FB-401F-8236-5A9F52B9A6AA}"
EndProject
Global
	GlobalSection(SolutionConfigurationPlatforms) = preSolution
		Debug|Any CPU = Debug|Any CPU
		Release|Any CPU = Release|Any CPU
	EndGlobalSection
	GlobalSection(ProjectConfigurationPlatforms) = postSolution
		{6FE70B3C-C724-4047-9D48-F2FE56210DD0}.Debug|Any CPU.ActiveCfg = Debug|Any CPU
		{6FE70B3C-C724-4047-9D48-F2FE56210DD0}.Debug|Any CPU.Build.0 = Debug|Any CPU
		{6FE70B3C-C724-4047-9D48-F2FE56210DD0}.Release|Any CPU.ActiveCfg = Release|Any CPU
		{6FE70B3C-C724-4047-9D48-F2FE56210DD0}.Release|Any CPU.Build.0 = Release|Any CPU
		{52148E38-A160-4D5D-B84E-E003055AE2A8}.Debug|Any CPU.ActiveCfg = Debug|Any CPU
		{52148E38-A160-4D5D-B84E-E003055AE2A8}.Debug|Any CPU.Build.0 = Debug|Any CPU
		{52148E38-A160-4D5D-B84E-E003055AE2A8}.Release|Any CPU.ActiveCfg = Release|Any CPU
		{52148E38-A160-4D5D-B84E-E003055AE2A8}.Release|Any CPU.Build.0 = Release|Any CPU
		{A86D46DA-B14D-4694-B546-8BF609B5E9F7}.Debug|Any CPU.ActiveCfg = Debug|Any CPU
		{A86D46DA-B14D-4694-B546-8BF609B5E9F7}.Debug|Any CPU.Build.0 = Debug|Any CPU
		{A86D46DA-B14D-4694-B546-8BF609B5E9F7}.Release|Any CPU.ActiveCfg = Release|Any CPU
		{A86D46DA-B14D-4694-B546-8BF609B5E9F7}.Release|Any CPU.Build.0 = Release|Any CPU
		{E717F8CE-B9FB-401F-8236-5A9F52B9A6AA}.Debug|Any CPU.ActiveCfg = Debug|Any CPU
		{E717F8CE-B9FB-401F-8236-5A9F52B9A6AA}.Debug|Any CPU.Build.0 = Debug|Any CPU
		{E717F8CE-B9FB-401F-8236-5A9F52B9A6AA}.Release|Any CPU.ActiveCfg = Release|Any CPU
		{E717F8CE-B9FB-401F-8236-5A9F52B9A6AA}.Release|Any CPU.Build.0 = Release|Any CPU
	EndGlobalSection
	GlobalSection(SolutionProperties) = preSolution
		HideSolutionNode = FALSE
	EndGlobalSection
	GlobalSection(NestedProjects) = preSolution
		{6FE70B3C-C724-4047-9D48-F2FE56210DD0} = {6C9D31CC-3E80-4740-8C95-B5720E7FD58F}
		{52148E38-A160-4D5D-B84E-E003055AE2A8} = {6C9D31CC-3E80-4740-8C95-B5720E7FD58F}
		{A86D46DA-B14D-4694-B546-8BF609B5E9F7} = {2677D535-6F27-448F-86C7-7F1F249E8FB4}
		{E717F8CE-B9FB-401F-8236-5A9F52B9A6AA} = {4FBE7A62-4615-41A3-A070-1D7CF8E1FCFB}
	EndGlobalSection
	GlobalSection(ExtensibilityGlobals) = postSolution
		SolutionGuid = {EB98EE0E-1CBD-4962-8E60-7A2AAF13473A}
	EndGlobalSection
EndGlobal
